// !$*UTF8*$!
{
	archiveVersion = 1;
	classes = {
	};
	objectVersion = 46;
	objects = {

/* Begin PBXBuildFile section */
		0D054FEC1756D95E00D3408D /* HIDCollapseParser.cpp in Sources */ = {isa = PBXBuildFile; fileRef = 0D054FEA1756D95E00D3408D /* HIDCollapseParser.cpp */; };
		0D054FED1756D95E00D3408D /* HIDCollapseParser.cpp in Sources */ = {isa = PBXBuildFile; fileRef = 0D054FEA1756D95E00D3408D /* HIDCollapseParser.cpp */; };
		0D054FEE1756D95E00D3408D /* HIDCollapseParser.h in Headers */ = {isa = PBXBuildFile; fileRef = 0D054FEB1756D95E00D3408D /* HIDCollapseParser.h */; };
		0D068CF2174B36FA005FF470 /* Index.cpp in Sources */ = {isa = PBXBuildFile; fileRef = 0D068CF0174B36FA005FF470 /* Index.cpp */; };
		0D068CF3174B36FA005FF470 /* Index.h in Headers */ = {isa = PBXBuildFile; fileRef = 0D068CF1174B36FA005FF470 /* Index.h */; };
		0D068CF5174B380E005FF470 /* HIDCollapse.h in Headers */ = {isa = PBXBuildFile; fileRef = 0D068CF4174B380E005FF470 /* HIDCollapse.h */; };
		0D068CF8174B3A20005FF470 /* IndexedElements.cpp in Sources */ = {isa = PBXBuildFile; fileRef = 0D068CF6174B3A20005FF470 /* IndexedElements.cpp */; };
		0D068CF9174B3A20005FF470 /* IndexedElements.h in Headers */ = {isa = PBXBuildFile; fileRef = 0D068CF7174B3A20005FF470 /* IndexedElements.h */; };
		0D068CFC174B3ABE005FF470 /* Manager.cpp in Sources */ = {isa = PBXBuildFile; fileRef = 0D068CFA174B3ABE005FF470 /* Manager.cpp */; };
		0D068CFD174B3ABE005FF470 /* Manager.h in Headers */ = {isa = PBXBuildFile; fileRef = 0D068CFB174B3ABE005FF470 /* Manager.h */; };
		0D068D00174B3B2F005FF470 /* Devices.cpp in Sources */ = {isa = PBXBuildFile; fileRef = 0D068CFE174B3B2F005FF470 /* Devices.cpp */; };
		0D068D01174B3B2F005FF470 /* Devices.h in Headers */ = {isa = PBXBuildFile; fileRef = 0D068CFF174B3B2F005FF470 /* Devices.h */; };
		0D0ED3C9174D3FCD00DB058F /* OSXManager.cpp in Sources */ = {isa = PBXBuildFile; fileRef = 0D0ED3C7174D3FCD00DB058F /* OSXManager.cpp */; };
		0D0ED3CA174D3FCD00DB058F /* OSXManager.h in Headers */ = {isa = PBXBuildFile; fileRef = 0D0ED3C8174D3FCD00DB058F /* OSXManager.h */; };
		0D0ED3D3174D511200DB058F /* ImmrHIDUtilAddOn.c in Sources */ = {isa = PBXBuildFile; fileRef = 0D0ED3CC174D511200DB058F /* ImmrHIDUtilAddOn.c */; };
		0D0ED3D4174D511200DB058F /* ImmrHIDUtilAddOn.h in Headers */ = {isa = PBXBuildFile; fileRef = 0D0ED3CD174D511200DB058F /* ImmrHIDUtilAddOn.h */; };
		0D0ED3D5174D511200DB058F /* IOHIDDevice_.c in Sources */ = {isa = PBXBuildFile; fileRef = 0D0ED3CE174D511200DB058F /* IOHIDDevice_.c */; };
		0D0ED3D6174D511200DB058F /* IOHIDDevice_.h in Headers */ = {isa = PBXBuildFile; fileRef = 0D0ED3CF174D511200DB058F /* IOHIDDevice_.h */; };
		0D0ED3D7174D511200DB058F /* IOHIDElement_.c in Sources */ = {isa = PBXBuildFile; fileRef = 0D0ED3D0174D511200DB058F /* IOHIDElement_.c */; };
		0D0ED3D8174D511200DB058F /* IOHIDElement_.h in Headers */ = {isa = PBXBuildFile; fileRef = 0D0ED3D1174D511200DB058F /* IOHIDElement_.h */; };
		0D0ED3D9174D511200DB058F /* IOHIDLib_.h in Headers */ = {isa = PBXBuildFile; fileRef = 0D0ED3D2174D511200DB058F /* IOHIDLib_.h */; };
		0DA3419617547A3C00AF54FD /* GLUT.framework in Frameworks */ = {isa = PBXBuildFile; fileRef = 0DA3419517547A3C00AF54FD /* GLUT.framework */; };
		0DA3419817547A5900AF54FD /* OpenGL.framework in Frameworks */ = {isa = PBXBuildFile; fileRef = 0DA3419717547A5900AF54FD /* OpenGL.framework */; };
		0DFE5FE9175B1497006D1B7C /* CoreFoundation.framework in Frameworks */ = {isa = PBXBuildFile; fileRef = 0DFE5FE8175B1497006D1B7C /* CoreFoundation.framework */; };
		0DFE5FEB175B14A5006D1B7C /* IOKit.framework in Frameworks */ = {isa = PBXBuildFile; fileRef = 0DFE5FEA175B14A5006D1B7C /* IOKit.framework */; };
/* End PBXBuildFile section */

/* Begin PBXCopyFilesBuildPhase section */
		0D0ED3E51750067C00DB058F /* CopyFiles */ = {
			isa = PBXCopyFilesBuildPhase;
			buildActionMask = 2147483647;
			dstPath = /usr/share/man/man1/;
			dstSubfolderSpec = 0;
			files = (
			);
			runOnlyForDeploymentPostprocessing = 1;
		};
/* End PBXCopyFilesBuildPhase section */

/* Begin PBXFileReference section */
		0D054FEA1756D95E00D3408D /* HIDCollapseParser.cpp */ = {isa = PBXFileReference; fileEncoding = 4; lastKnownFileType = sourcecode.cpp.cpp; name = HIDCollapseParser.cpp; path = src/HIDCollapseParser.cpp; sourceTree = SOURCE_ROOT; };
		0D054FEB1756D95E00D3408D /* HIDCollapseParser.h */ = {isa = PBXFileReference; fileEncoding = 4; lastKnownFileType = sourcecode.c.h; name = HIDCollapseParser.h; path = src/HIDCollapseParser.h; sourceTree = SOURCE_ROOT; };
		0D068CE7174B35FD005FF470 /* libHIDCollapse.dylib */ = {isa = PBXFileReference; explicitFileType = "compiled.mach-o.dylib"; includeInIndex = 0; path = libHIDCollapse.dylib; sourceTree = BUILT_PRODUCTS_DIR; };
		0D068CF0174B36FA005FF470 /* Index.cpp */ = {isa = PBXFileReference; fileEncoding = 4; lastKnownFileType = sourcecode.cpp.cpp; name = Index.cpp; path = src/Index.cpp; sourceTree = "<group>"; };
		0D068CF1174B36FA005FF470 /* Index.h */ = {isa = PBXFileReference; fileEncoding = 4; lastKnownFileType = sourcecode.c.h; name = Index.h; path = src/Index.h; sourceTree = "<group>"; };
		0D068CF4174B380E005FF470 /* HIDCollapse.h */ = {isa = PBXFileReference; fileEncoding = 4; lastKnownFileType = sourcecode.c.h; name = HIDCollapse.h; path = src/HIDCollapse.h; sourceTree = "<group>"; };
		0D068CF6174B3A20005FF470 /* IndexedElements.cpp */ = {isa = PBXFileReference; fileEncoding = 4; lastKnownFileType = sourcecode.cpp.cpp; name = IndexedElements.cpp; path = src/IndexedElements.cpp; sourceTree = "<group>"; };
		0D068CF7174B3A20005FF470 /* IndexedElements.h */ = {isa = PBXFileReference; fileEncoding = 4; lastKnownFileType = sourcecode.c.h; name = IndexedElements.h; path = src/IndexedElements.h; sourceTree = "<group>"; };
		0D068CFA174B3ABE005FF470 /* Manager.cpp */ = {isa = PBXFileReference; fileEncoding = 4; lastKnownFileType = sourcecode.cpp.cpp; name = Manager.cpp; path = src/Manager.cpp; sourceTree = "<group>"; };
		0D068CFB174B3ABE005FF470 /* Manager.h */ = {isa = PBXFileReference; fileEncoding = 4; lastKnownFileType = sourcecode.c.h; name = Manager.h; path = src/Manager.h; sourceTree = "<group>"; };
		0D068CFE174B3B2F005FF470 /* Devices.cpp */ = {isa = PBXFileReference; fileEncoding = 4; lastKnownFileType = sourcecode.cpp.cpp; name = Devices.cpp; path = src/Devices.cpp; sourceTree = "<group>"; };
		0D068CFF174B3B2F005FF470 /* Devices.h */ = {isa = PBXFileReference; fileEncoding = 4; lastKnownFileType = sourcecode.c.h; name = Devices.h; path = src/Devices.h; sourceTree = "<group>"; };
		0D0ED3C7174D3FCD00DB058F /* OSXManager.cpp */ = {isa = PBXFileReference; fileEncoding = 4; lastKnownFileType = sourcecode.cpp.cpp; name = OSXManager.cpp; path = src/OSXManager.cpp; sourceTree = "<group>"; };
		0D0ED3C8174D3FCD00DB058F /* OSXManager.h */ = {isa = PBXFileReference; fileEncoding = 4; lastKnownFileType = sourcecode.c.h; name = OSXManager.h; path = src/OSXManager.h; sourceTree = "<group>"; };
		0D0ED3CC174D511200DB058F /* ImmrHIDUtilAddOn.c */ = {isa = PBXFileReference; fileEncoding = 4; lastKnownFileType = sourcecode.c.c; path = ImmrHIDUtilAddOn.c; sourceTree = "<group>"; };
		0D0ED3CD174D511200DB058F /* ImmrHIDUtilAddOn.h */ = {isa = PBXFileReference; fileEncoding = 4; lastKnownFileType = sourcecode.c.h; path = ImmrHIDUtilAddOn.h; sourceTree = "<group>"; };
		0D0ED3CE174D511200DB058F /* IOHIDDevice_.c */ = {isa = PBXFileReference; fileEncoding = 4; lastKnownFileType = sourcecode.c.c; path = IOHIDDevice_.c; sourceTree = "<group>"; };
		0D0ED3CF174D511200DB058F /* IOHIDDevice_.h */ = {isa = PBXFileReference; fileEncoding = 4; lastKnownFileType = sourcecode.c.h; path = IOHIDDevice_.h; sourceTree = "<group>"; };
		0D0ED3D0174D511200DB058F /* IOHIDElement_.c */ = {isa = PBXFileReference; fileEncoding = 4; lastKnownFileType = sourcecode.c.c; path = IOHIDElement_.c; sourceTree = "<group>"; };
		0D0ED3D1174D511200DB058F /* IOHIDElement_.h */ = {isa = PBXFileReference; fileEncoding = 4; lastKnownFileType = sourcecode.c.h; path = IOHIDElement_.h; sourceTree = "<group>"; };
		0D0ED3D2174D511200DB058F /* IOHIDLib_.h */ = {isa = PBXFileReference; fileEncoding = 4; lastKnownFileType = sourcecode.c.h; path = IOHIDLib_.h; sourceTree = "<group>"; };
		0D0ED3E71750067C00DB058F /* ConsoleTest */ = {isa = PBXFileReference; explicitFileType = "compiled.mach-o.executable"; includeInIndex = 0; path = ConsoleTest; sourceTree = BUILT_PRODUCTS_DIR; };
		0DA3419517547A3C00AF54FD /* GLUT.framework */ = {isa = PBXFileReference; lastKnownFileType = wrapper.framework; name = GLUT.framework; path = System/Library/Frameworks/GLUT.framework; sourceTree = SDKROOT; };
		0DA3419717547A5900AF54FD /* OpenGL.framework */ = {isa = PBXFileReference; lastKnownFileType = wrapper.framework; name = OpenGL.framework; path = System/Library/Frameworks/OpenGL.framework; sourceTree = SDKROOT; };
		0DA3422B1755496D00AF54FD /* AGL.framework */ = {isa = PBXFileReference; lastKnownFileType = wrapper.framework; name = AGL.framework; path = System/Library/Frameworks/AGL.framework; sourceTree = SDKROOT; };
		0DFE5FE8175B1497006D1B7C /* CoreFoundation.framework */ = {isa = PBXFileReference; lastKnownFileType = wrapper.framework; name = CoreFoundation.framework; path = System/Library/Frameworks/CoreFoundation.framework; sourceTree = SDKROOT; };
		0DFE5FEA175B14A5006D1B7C /* IOKit.framework */ = {isa = PBXFileReference; lastKnownFileType = wrapper.framework; name = IOKit.framework; path = System/Library/Frameworks/IOKit.framework; sourceTree = SDKROOT; };
/* End PBXFileReference section */

/* Begin PBXFrameworksBuildPhase section */
		0D068CE4174B35FD005FF470 /* Frameworks */ = {
			isa = PBXFrameworksBuildPhase;
			buildActionMask = 2147483647;
			files = (
				0DFE5FEB175B14A5006D1B7C /* IOKit.framework in Frameworks */,
				0DFE5FE9175B1497006D1B7C /* CoreFoundation.framework in Frameworks */,
			);
			runOnlyForDeploymentPostprocessing = 0;
		};
		0D0ED3E41750067C00DB058F /* Frameworks */ = {
			isa = PBXFrameworksBuildPhase;
			buildActionMask = 2147483647;
			files = (
				0DA3419817547A5900AF54FD /* OpenGL.framework in Frameworks */,
				0DA3419617547A3C00AF54FD /* GLUT.framework in Frameworks */,
			);
			runOnlyForDeploymentPostprocessing = 0;
		};
/* End PBXFrameworksBuildPhase section */

/* Begin PBXGroup section */
		0D068CDE174B35FD005FF470 = {
			isa = PBXGroup;
			children = (
				0DFE5FEA175B14A5006D1B7C /* IOKit.framework */,
				0DFE5FE8175B1497006D1B7C /* CoreFoundation.framework */,
				0DA3422B1755496D00AF54FD /* AGL.framework */,
				0DA3419717547A5900AF54FD /* OpenGL.framework */,
				0DA3419517547A3C00AF54FD /* GLUT.framework */,
				0D068D02174BDCE1005FF470 /* src */,
				0D0ED3CB174D511200DB058F /* IOHIDManager */,
				0D0ED3E81750067C00DB058F /* ConsoleTest */,
				0D068CE8174B35FD005FF470 /* Products */,
			);
			sourceTree = "<group>";
		};
		0D068CE8174B35FD005FF470 /* Products */ = {
			isa = PBXGroup;
			children = (
				0D068CE7174B35FD005FF470 /* libHIDCollapse.dylib */,
				0D0ED3E71750067C00DB058F /* ConsoleTest */,
			);
			name = Products;
			sourceTree = "<group>";
		};
		0D068D02174BDCE1005FF470 /* src */ = {
			isa = PBXGroup;
			children = (
				0D068CF4174B380E005FF470 /* HIDCollapse.h */,
				0D068CFB174B3ABE005FF470 /* Manager.h */,
				0D068CFA174B3ABE005FF470 /* Manager.cpp */,
				0D068CFF174B3B2F005FF470 /* Devices.h */,
				0D068CFE174B3B2F005FF470 /* Devices.cpp */,
				0D068CF7174B3A20005FF470 /* IndexedElements.h */,
				0D068CF6174B3A20005FF470 /* IndexedElements.cpp */,
				0D068CF1174B36FA005FF470 /* Index.h */,
				0D068CF0174B36FA005FF470 /* Index.cpp */,
				0D0ED3C7174D3FCD00DB058F /* OSXManager.cpp */,
				0D0ED3C8174D3FCD00DB058F /* OSXManager.h */,
				0D054FEA1756D95E00D3408D /* HIDCollapseParser.cpp */,
				0D054FEB1756D95E00D3408D /* HIDCollapseParser.h */,
			);
			name = src;
			sourceTree = "<group>";
		};
		0D0ED3CB174D511200DB058F /* IOHIDManager */ = {
			isa = PBXGroup;
			children = (
				0D0ED3CC174D511200DB058F /* ImmrHIDUtilAddOn.c */,
				0D0ED3CD174D511200DB058F /* ImmrHIDUtilAddOn.h */,
				0D0ED3CE174D511200DB058F /* IOHIDDevice_.c */,
				0D0ED3CF174D511200DB058F /* IOHIDDevice_.h */,
				0D0ED3D0174D511200DB058F /* IOHIDElement_.c */,
				0D0ED3D1174D511200DB058F /* IOHIDElement_.h */,
				0D0ED3D2174D511200DB058F /* IOHIDLib_.h */,
			);
			path = IOHIDManager;
			sourceTree = "<group>";
		};
		0D0ED3E81750067C00DB058F /* ConsoleTest */ = {
			isa = PBXGroup;
			children = (
				0DA3422D1755534100AF54FD /* src */,
			);
			path = ConsoleTest;
			sourceTree = "<group>";
		};
		0DA3422D1755534100AF54FD /* src */ = {
			isa = PBXGroup;
			children = (
			);
			name = src;
			sourceTree = "<group>";
		};
/* End PBXGroup section */

/* Begin PBXHeadersBuildPhase section */
		0D068CE5174B35FD005FF470 /* Headers */ = {
			isa = PBXHeadersBuildPhase;
			buildActionMask = 2147483647;
			files = (
				0D068CF3174B36FA005FF470 /* Index.h in Headers */,
				0D068CF5174B380E005FF470 /* HIDCollapse.h in Headers */,
				0D068CF9174B3A20005FF470 /* IndexedElements.h in Headers */,
				0D068CFD174B3ABE005FF470 /* Manager.h in Headers */,
				0D068D01174B3B2F005FF470 /* Devices.h in Headers */,
				0D0ED3CA174D3FCD00DB058F /* OSXManager.h in Headers */,
				0D0ED3D4174D511200DB058F /* ImmrHIDUtilAddOn.h in Headers */,
				0D0ED3D6174D511200DB058F /* IOHIDDevice_.h in Headers */,
				0D0ED3D8174D511200DB058F /* IOHIDElement_.h in Headers */,
				0D0ED3D9174D511200DB058F /* IOHIDLib_.h in Headers */,
				0D054FEE1756D95E00D3408D /* HIDCollapseParser.h in Headers */,
			);
			runOnlyForDeploymentPostprocessing = 0;
		};
/* End PBXHeadersBuildPhase section */

/* Begin PBXNativeTarget section */
		0D068CE6174B35FD005FF470 /* HIDCollapse */ = {
			isa = PBXNativeTarget;
			buildConfigurationList = 0D068CEB174B35FD005FF470 /* Build configuration list for PBXNativeTarget "HIDCollapse" */;
			buildPhases = (
				0D068CE3174B35FD005FF470 /* Sources */,
				0D068CE4174B35FD005FF470 /* Frameworks */,
				0D068CE5174B35FD005FF470 /* Headers */,
			);
			buildRules = (
			);
			dependencies = (
			);
			name = HIDCollapse;
			productName = HIDCollapse;
			productReference = 0D068CE7174B35FD005FF470 /* libHIDCollapse.dylib */;
			productType = "com.apple.product-type.library.dynamic";
		};
		0D0ED3E61750067C00DB058F /* ConsoleTest */ = {
			isa = PBXNativeTarget;
			buildConfigurationList = 0D0ED3ED1750067C00DB058F /* Build configuration list for PBXNativeTarget "ConsoleTest" */;
			buildPhases = (
				0D0ED3E31750067C00DB058F /* Sources */,
				0D0ED3E41750067C00DB058F /* Frameworks */,
				0D0ED3E51750067C00DB058F /* CopyFiles */,
			);
			buildRules = (
			);
			dependencies = (
			);
			name = ConsoleTest;
			productName = ConsoleTest;
			productReference = 0D0ED3E71750067C00DB058F /* ConsoleTest */;
			productType = "com.apple.product-type.tool";
		};
/* End PBXNativeTarget section */

/* Begin PBXProject section */
		0D068CDF174B35FD005FF470 /* Project object */ = {
			isa = PBXProject;
			attributes = {
				LastUpgradeCheck = 0460;
				ORGANIZATIONNAME = "Juan Carlos Borda";
			};
			buildConfigurationList = 0D068CE2174B35FD005FF470 /* Build configuration list for PBXProject "HIDCollapse" */;
			compatibilityVersion = "Xcode 3.2";
			developmentRegion = English;
			hasScannedForEncodings = 0;
			knownRegions = (
				en,
			);
			mainGroup = 0D068CDE174B35FD005FF470;
			productRefGroup = 0D068CE8174B35FD005FF470 /* Products */;
			projectDirPath = "";
			projectRoot = "";
			targets = (
				0D068CE6174B35FD005FF470 /* HIDCollapse */,
				0D0ED3E61750067C00DB058F /* ConsoleTest */,
			);
		};
/* End PBXProject section */

/* Begin PBXSourcesBuildPhase section */
		0D068CE3174B35FD005FF470 /* Sources */ = {
			isa = PBXSourcesBuildPhase;
			buildActionMask = 2147483647;
			files = (
				0D068CF2174B36FA005FF470 /* Index.cpp in Sources */,
				0D068CF8174B3A20005FF470 /* IndexedElements.cpp in Sources */,
				0D068CFC174B3ABE005FF470 /* Manager.cpp in Sources */,
				0D068D00174B3B2F005FF470 /* Devices.cpp in Sources */,
				0D0ED3C9174D3FCD00DB058F /* OSXManager.cpp in Sources */,
				0D0ED3D3174D511200DB058F /* ImmrHIDUtilAddOn.c in Sources */,
				0D0ED3D5174D511200DB058F /* IOHIDDevice_.c in Sources */,
				0D0ED3D7174D511200DB058F /* IOHIDElement_.c in Sources */,
				0D054FEC1756D95E00D3408D /* HIDCollapseParser.cpp in Sources */,
			);
			runOnlyForDeploymentPostprocessing = 0;
		};
		0D0ED3E31750067C00DB058F /* Sources */ = {
			isa = PBXSourcesBuildPhase;
			buildActionMask = 2147483647;
			files = (
				0D054FED1756D95E00D3408D /* HIDCollapseParser.cpp in Sources */,
			);
			runOnlyForDeploymentPostprocessing = 0;
		};
/* End PBXSourcesBuildPhase section */

/* Begin XCBuildConfiguration section */
		0D068CE9174B35FD005FF470 /* Debug */ = {
			isa = XCBuildConfiguration;
			buildSettings = {
				ALWAYS_SEARCH_USER_PATHS = NO;
				ARCHS = "$(ARCHS_STANDARD_64_BIT)";
				CLANG_CXX_LANGUAGE_STANDARD = "c++98";
				CLANG_CXX_LIBRARY = "libstdc++";
				CLANG_WARN_CONSTANT_CONVERSION = YES;
				CLANG_WARN_EMPTY_BODY = YES;
				CLANG_WARN_ENUM_CONVERSION = YES;
				CLANG_WARN_INT_CONVERSION = YES;
				CLANG_WARN__DUPLICATE_METHOD_MATCH = YES;
				COPY_PHASE_STRIP = NO;
				GCC_C_LANGUAGE_STANDARD = gnu99;
				GCC_DYNAMIC_NO_PIC = NO;
				GCC_ENABLE_OBJC_EXCEPTIONS = YES;
				GCC_OPTIMIZATION_LEVEL = 0;
				GCC_PREPROCESSOR_DEFINITIONS = (
					"DEBUG=1",
					"$(inherited)",
				);
				GCC_SYMBOLS_PRIVATE_EXTERN = NO;
				GCC_WARN_64_TO_32_BIT_CONVERSION = YES;
				GCC_WARN_ABOUT_RETURN_TYPE = YES;
				GCC_WARN_UNINITIALIZED_AUTOS = YES;
				GCC_WARN_UNUSED_VARIABLE = YES;
				HEADER_SEARCH_PATHS = /usr/local/lib;
				LIBRARY_SEARCH_PATHS = /usr/local/lib;
				MACOSX_DEPLOYMENT_TARGET = 10.8;
				ONLY_ACTIVE_ARCH = YES;
				OTHER_LDFLAGS = (
					"-lopencv_core",
					"-lopencv_highgui",
					"-lopencv_imgproc",
					"-lopencv_calib3d",
				);
				SDKROOT = macosx;
			};
			name = Debug;
		};
		0D068CEA174B35FD005FF470 /* Release */ = {
			isa = XCBuildConfiguration;
			buildSettings = {
				ALWAYS_SEARCH_USER_PATHS = NO;
				ARCHS = "$(ARCHS_STANDARD_64_BIT)";
				CLANG_CXX_LANGUAGE_STANDARD = "c++98";
				CLANG_CXX_LIBRARY = "libstdc++";
				CLANG_WARN_CONSTANT_CONVERSION = YES;
				CLANG_WARN_EMPTY_BODY = YES;
				CLANG_WARN_ENUM_CONVERSION = YES;
				CLANG_WARN_INT_CONVERSION = YES;
				CLANG_WARN__DUPLICATE_METHOD_MATCH = YES;
				COPY_PHASE_STRIP = YES;
				DEBUG_INFORMATION_FORMAT = "dwarf-with-dsym";
				GCC_C_LANGUAGE_STANDARD = gnu99;
				GCC_ENABLE_OBJC_EXCEPTIONS = YES;
				GCC_WARN_64_TO_32_BIT_CONVERSION = YES;
				GCC_WARN_ABOUT_RETURN_TYPE = YES;
				GCC_WARN_UNINITIALIZED_AUTOS = YES;
				GCC_WARN_UNUSED_VARIABLE = YES;
				HEADER_SEARCH_PATHS = /usr/local/lib;
				LIBRARY_SEARCH_PATHS = /usr/local/lib;
				MACOSX_DEPLOYMENT_TARGET = 10.8;
				OTHER_LDFLAGS = (
					"-lopencv_core",
					"-lopencv_highgui",
					"-lopencv_imgproc",
					"-lopencv_calib3d",
				);
				SDKROOT = macosx;
			};
			name = Release;
		};
		0D068CEC174B35FD005FF470 /* Debug */ = {
			isa = XCBuildConfiguration;
			buildSettings = {
				COMBINE_HIDPI_IMAGES = YES;
				EXECUTABLE_PREFIX = lib;
				HEADER_SEARCH_PATHS = (
					/usr/local/lib,
					/usr/local/include,
					"/Users/juan/Dev/boost-trunk",
				);
				PRODUCT_NAME = "$(TARGET_NAME)";
				SDKROOT = macosx;
			};
			name = Debug;
		};
		0D068CED174B35FD005FF470 /* Release */ = {
			isa = XCBuildConfiguration;
			buildSettings = {
				COMBINE_HIDPI_IMAGES = YES;
				EXECUTABLE_PREFIX = lib;
				HEADER_SEARCH_PATHS = (
					/usr/local/lib,
					/usr/local/include,
					"/Users/juan/Dev/boost-trunk",
				);
				PRODUCT_NAME = "$(TARGET_NAME)";
				SDKROOT = macosx;
			};
			name = Release;
		};
		0D0ED3EE1750067C00DB058F /* Debug */ = {
			isa = XCBuildConfiguration;
			buildSettings = {
				HEADER_SEARCH_PATHS = (
					/usr/local/include,
					"/Users/juan/Dev/boost-trunk",
				);
				PRODUCT_NAME = "$(TARGET_NAME)";
				VALID_ARCHS = x86_64;
			};
			name = Debug;
		};
		0D0ED3EF1750067C00DB058F /* Release */ = {
			isa = XCBuildConfiguration;
			buildSettings = {
				HEADER_SEARCH_PATHS = (
					/usr/local/include,
					"/Users/juan/Dev/boost-trunk",
				);
				PRODUCT_NAME = "$(TARGET_NAME)";
				VALID_ARCHS = x86_64;
			};
			name = Release;
		};
/* End XCBuildConfiguration section */

/* Begin XCConfigurationList section */
		0D068CE2174B35FD005FF470 /* Build configuration list for PBXProject "HIDCollapse" */ = {
			isa = XCConfigurationList;
			buildConfigurations = (
				0D068CE9174B35FD005FF470 /* Debug */,
				0D068CEA174B35FD005FF470 /* Release */,
			);
			defaultConfigurationIsVisible = 0;
			defaultConfigurationName = Release;
		};
		0D068CEB174B35FD005FF470 /* Build configuration list for PBXNativeTarget "HIDCollapse" */ = {
			isa = XCConfigurationList;
			buildConfigurations = (
				0D068CEC174B35FD005FF470 /* Debug */,
				0D068CED174B35FD005FF470 /* Release */,
			);
			defaultConfigurationIsVisible = 0;
			defaultConfigurationName = Release;
		};
		0D0ED3ED1750067C00DB058F /* Build configuration list for PBXNativeTarget "ConsoleTest" */ = {
			isa = XCConfigurationList;
			buildConfigurations = (
				0D0ED3EE1750067C00DB058F /* Debug */,
				0D0ED3EF1750067C00DB058F /* Release */,
			);
			defaultConfigurationIsVisible = 0;
			defaultConfigurationName = Release;
		};
/* End XCConfigurationList section */
	};
	rootObject = 0D068CDF174B35FD005FF470 /* Project object */;
}
